{
  "originHash" : "15476acb524e6da43987559d76f77de14756faeb471079123809cad844f3f548",
  "pins" : [
    {
      "identity" : "confettiswiftui",
      "kind" : "remoteSourceControl",
      "location" : "https://github.com/simibac/ConfettiSwiftUI",
      "state" : {
        "revision" : "9ae5bc2ce2149980884d4612321c3a266d6bf82c",
        "version" : "3.0.0"
      }
    }
  ],
  "version" : 3
}
